
Microsoft Visual Studio Solution File, Format Version 12.00
# Visual Studio Version 17
VisualStudioVersion = 17.3.32811.315
MinimumVisualStudioVersion = 10.0.40219.1
Project("{FAE04EC0-301F-11D3-BF4B-00C04F79EFBC}") = "DataStructuresWikiClasses", "DataStructuresWikiClasses\DataStructuresWikiClasses.csproj", "{C9099E35-CD4B-4EFD-AB16-FF8DB2759320}"
EndProject
Global
	GlobalSection(SolutionConfigurationPlatforms) = preSolution
		Debug|Any CPU = Debug|Any CPU
		Release|Any CPU = Release|Any CPU
	EndGlobalSection
	GlobalSection(ProjectConfigurationPlatforms) = postSolution
		{C9099E35-CD4B-4EFD-AB16-FF8DB2759320}.Debug|Any CPU.ActiveCfg = Debug|Any CPU
		{C9099E35-CD4B-4EFD-AB16-FF8DB2759320}.Debug|Any CPU.Build.0 = Debug|Any CPU
		{C9099E35-CD4B-4EFD-AB16-FF8DB2759320}.Release|Any CPU.ActiveCfg = Release|Any CPU
		{C9099E35-CD4B-4EFD-AB16-FF8DB2759320}.Release|Any CPU.Build.0 = Release|Any CPU
	EndGlobalSection
	GlobalSection(SolutionProperties) = preSolution
		HideSolutionNode = FALSE
	EndGlobalSection
	GlobalSection(ExtensibilityGlobals) = postSolution
		SolutionGuid = {C75C84DA-3B2E-4526-A258-54F513FCB7AC}
	EndGlobalSection
EndGlobal
